
Microsoft Visual Studio Solution File, Format Version 12.00
# Visual Studio Version 17
VisualStudioVersion = 17.0.31903.59
MinimumVisualStudioVersion = 10.0.40219.1
Project("{FAE04EC0-301F-11D3-BF4B-00C04F79EFBC}") = "Gestbanque", "Gestbanque\Gestbanque.csproj", "{F9CF1B27-D3BF-46C4-9C23-01058EC771A7}"
EndProject
Project("{FAE04EC0-301F-11D3-BF4B-00C04F79EFBC}") = "Models", "models\Models.csproj", "{8BCDED05-08D5-4490-9C17-9303B42CB501}"
EndProject
Global
	GlobalSection(SolutionConfigurationPlatforms) = preSolution
		Debug|Any CPU = Debug|Any CPU
		Release|Any CPU = Release|Any CPU
	EndGlobalSection
	GlobalSection(SolutionProperties) = preSolution
		HideSolutionNode = FALSE
	EndGlobalSection
	GlobalSection(ProjectConfigurationPlatforms) = postSolution
		{F9CF1B27-D3BF-46C4-9C23-01058EC771A7}.Debug|Any CPU.ActiveCfg = Debug|Any CPU
		{F9CF1B27-D3BF-46C4-9C23-01058EC771A7}.Debug|Any CPU.Build.0 = Debug|Any CPU
		{F9CF1B27-D3BF-46C4-9C23-01058EC771A7}.Release|Any CPU.ActiveCfg = Release|Any CPU
		{F9CF1B27-D3BF-46C4-9C23-01058EC771A7}.Release|Any CPU.Build.0 = Release|Any CPU
		{8BCDED05-08D5-4490-9C17-9303B42CB501}.Debug|Any CPU.ActiveCfg = Debug|Any CPU
		{8BCDED05-08D5-4490-9C17-9303B42CB501}.Debug|Any CPU.Build.0 = Debug|Any CPU
		{8BCDED05-08D5-4490-9C17-9303B42CB501}.Release|Any CPU.ActiveCfg = Release|Any CPU
		{8BCDED05-08D5-4490-9C17-9303B42CB501}.Release|Any CPU.Build.0 = Release|Any CPU
	EndGlobalSection
EndGlobal
